{
  "name": "alist-client-uniappx",
  "version": "1.0.0",
  "lockfileVersion": 3,
  "requires": true,
  "packages": {
    "": {
      "name": "alist-client-uniappx",
      "version": "1.0.0",
      "license": "ISC",
      "dependencies": {
        "@dcloudio/types": "^3.4.12",
        "js-cookie": "^3.0.5",
        "luch-request": "^3.1.1"
      },
      "devDependencies": {}
    },
    "node_modules/@dcloudio/types": {
      "version": "3.4.12",
      "resolved": "https://registry.npmjs.org/@dcloudio/types/-/types-3.4.12.tgz",
      "integrity": "sha512-xSFDhBCm4bqdRBO9mBj7wySz7fzOv9sMeK9VMI21tHvZbT2bIdGMU5o+kJ/J4H2+N5+7SW2kDY+aIzZs94DAOg=="
    },
    "node_modules/js-cookie": {
      "version": "3.0.5",
      "resolved": "https://registry.npmjs.org/js-cookie/-/js-cookie-3.0.5.tgz",
      "integrity": "sha512-cEiJEAEoIbWfCZYKWhVwFuvPX1gETRYPw6LlaTKoxD3s2AkXzkCjnp6h0V77ozyqj0jakteJ4YqDJT830+lVGw==",
      "engines": {
        "node": ">=14"
      }
    },
    "node_modules/luch-request": {
      "version": "3.1.1",
      "resolved": "https://registry.npmjs.org/luch-request/-/luch-request-3.1.1.tgz",
      "integrity": "sha512-p7+mlcEtgRcd0OfXC4XZbyiwSr1XgCeqNT7LlVUjnk7InYl/8d5Rk7BUqAYNA2WRafI1wRIUQWRWZRpeUwWR0w==",
      "dependencies": {
        "@dcloudio/types": "^2.0.16"
      }
    },
    "node_modules/luch-request/node_modules/@dcloudio/types": {
      "version": "2.6.12",
      "resolved": "https://registry.npmjs.org/@dcloudio/types/-/types-2.6.12.tgz",
      "integrity": "sha512-mrCMwcINy1IFjU9VUqLeWBkj404yWs5paLDttBcA+eqUjanuUQbBcTVPqlrGgkyzLXDcV2oDDZRSNxNpXi4kMQ=="
    }
  }
}
